
Microsoft Visual Studio Solution File, Format Version 12.00
# Visual Studio 15
VisualStudioVersion = 15.0.28307.168
MinimumVisualStudioVersion = 10.0.40219.1
Project("{FAE04EC0-301F-11D3-BF4B-00C04F79EFBC}") = "ImageExif", "ImageExif\ImageExif.csproj", "{02A9FE75-3ADF-4858-BFE1-7C1BFBADDE32}"
EndProject
Global
	GlobalSection(SolutionConfigurationPlatforms) = preSolution
		Debug|Any CPU = Debug|Any CPU
		Release|Any CPU = Release|Any CPU
	EndGlobalSection
	GlobalSection(ProjectConfigurationPlatforms) = postSolution
		{02A9FE75-3ADF-4858-BFE1-7C1BFBADDE32}.Debug|Any CPU.ActiveCfg = Debug|Any CPU
		{02A9FE75-3ADF-4858-BFE1-7C1BFBADDE32}.Debug|Any CPU.Build.0 = Debug|Any CPU
		{02A9FE75-3ADF-4858-BFE1-7C1BFBADDE32}.Release|Any CPU.ActiveCfg = Release|Any CPU
		{02A9FE75-3ADF-4858-BFE1-7C1BFBADDE32}.Release|Any CPU.Build.0 = Release|Any CPU
	EndGlobalSection
	GlobalSection(SolutionProperties) = preSolution
		HideSolutionNode = FALSE
	EndGlobalSection
	GlobalSection(ExtensibilityGlobals) = postSolution
		SolutionGuid = {E693CEE9-6E57-4A98-A4A3-38A6398086EB}
	EndGlobalSection
EndGlobal
